// !$*UTF8*$!
{
	archiveVersion = 1;
	classes = {
	};
	objectVersion = 50;
	objects = {

/* Begin PBXBuildFile section */
		87C017CE2326A2F00007135B /* AppDelegate.swift in Sources */ = {isa = PBXBuildFile; fileRef = 87C017CD2326A2F00007135B /* AppDelegate.swift */; };
		87C017D02326A2F00007135B /* ViewController.swift in Sources */ = {isa = PBXBuildFile; fileRef = 87C017CF2326A2F00007135B /* ViewController.swift */; };
		87C017D32326A2F00007135B /* Main.storyboard in Resources */ = {isa = PBXBuildFile; fileRef = 87C017D12326A2F00007135B /* Main.storyboard */; };
		87C017D52326A2F20007135B /* Assets.xcassets in Resources */ = {isa = PBXBuildFile; fileRef = 87C017D42326A2F20007135B /* Assets.xcassets */; };
		87C017D82326A2F20007135B /* LaunchScreen.storyboard in Resources */ = {isa = PBXBuildFile; fileRef = 87C017D62326A2F20007135B /* LaunchScreen.storyboard */; };
		87C017FB2326E7AE0007135B /* LabelShowcase.swift in Sources */ = {isa = PBXBuildFile; fileRef = 87C017FA2326E7AE0007135B /* LabelShowcase.swift */; };
		87C017FC2326E7D70007135B /* ShowcaseKit.framework in Frameworks */ = {isa = PBXBuildFile; fileRef = 87C017E52326A31A0007135B /* ShowcaseKit.framework */; };
		87C017FD2326E7D70007135B /* ShowcaseKit.framework in Embed Frameworks */ = {isa = PBXBuildFile; fileRef = 87C017E52326A31A0007135B /* ShowcaseKit.framework */; settings = {ATTRIBUTES = (CodeSignOnCopy, RemoveHeadersOnCopy, ); }; };
/* End PBXBuildFile section */

/* Begin PBXContainerItemProxy section */
		87C017E42326A31A0007135B /* PBXContainerItemProxy */ = {
			isa = PBXContainerItemProxy;
			containerPortal = 87C017DF2326A31A0007135B /* ShowcaseKit.xcodeproj */;
			proxyType = 2;
			remoteGlobalIDString = 52D6D97C1BEFF229002C0205;
			remoteInfo = "ShowcaseKit-iOS";
		};
		87C017E62326A31A0007135B /* PBXContainerItemProxy */ = {
			isa = PBXContainerItemProxy;
			containerPortal = 87C017DF2326A31A0007135B /* ShowcaseKit.xcodeproj */;
			proxyType = 2;
			remoteGlobalIDString = 52D6D9861BEFF229002C0205;
			remoteInfo = "ShowcaseKit-iOS Tests";
		};
		87C017FE2326E7D70007135B /* PBXContainerItemProxy */ = {
			isa = PBXContainerItemProxy;
			containerPortal = 87C017DF2326A31A0007135B /* ShowcaseKit.xcodeproj */;
			proxyType = 1;
			remoteGlobalIDString = 52D6D97B1BEFF229002C0205;
			remoteInfo = "ShowcaseKit-iOS";
		};
/* End PBXContainerItemProxy section */

/* Begin PBXCopyFilesBuildPhase section */
		87C018002326E7D70007135B /* Embed Frameworks */ = {
			isa = PBXCopyFilesBuildPhase;
			buildActionMask = 2147483647;
			dstPath = "";
			dstSubfolderSpec = 10;
			files = (
				87C017FD2326E7D70007135B /* ShowcaseKit.framework in Embed Frameworks */,
			);
			name = "Embed Frameworks";
			runOnlyForDeploymentPostprocessing = 0;
		};
/* End PBXCopyFilesBuildPhase section */

/* Begin PBXFileReference section */
		87C017CA2326A2F00007135B /* ShowcaseExample.app */ = {isa = PBXFileReference; explicitFileType = wrapper.application; includeInIndex = 0; path = ShowcaseExample.app; sourceTree = BUILT_PRODUCTS_DIR; };
		87C017CD2326A2F00007135B /* AppDelegate.swift */ = {isa = PBXFileReference; lastKnownFileType = sourcecode.swift; path = AppDelegate.swift; sourceTree = "<group>"; };
		87C017CF2326A2F00007135B /* ViewController.swift */ = {isa = PBXFileReference; lastKnownFileType = sourcecode.swift; path = ViewController.swift; sourceTree = "<group>"; };
		87C017D22326A2F00007135B /* Base */ = {isa = PBXFileReference; lastKnownFileType = file.storyboard; name = Base; path = Base.lproj/Main.storyboard; sourceTree = "<group>"; };
		87C017D42326A2F20007135B /* Assets.xcassets */ = {isa = PBXFileReference; lastKnownFileType = folder.assetcatalog; path = Assets.xcassets; sourceTree = "<group>"; };
		87C017D72326A2F20007135B /* Base */ = {isa = PBXFileReference; lastKnownFileType = file.storyboard; name = Base; path = Base.lproj/LaunchScreen.storyboard; sourceTree = "<group>"; };
		87C017D92326A2F20007135B /* Info.plist */ = {isa = PBXFileReference; lastKnownFileType = text.plist.xml; path = Info.plist; sourceTree = "<group>"; };
		87C017DF2326A31A0007135B /* ShowcaseKit.xcodeproj */ = {isa = PBXFileReference; lastKnownFileType = "wrapper.pb-project"; name = ShowcaseKit.xcodeproj; path = ../ShowcaseKit.xcodeproj; sourceTree = "<group>"; };
		87C017FA2326E7AE0007135B /* LabelShowcase.swift */ = {isa = PBXFileReference; lastKnownFileType = sourcecode.swift; path = LabelShowcase.swift; sourceTree = "<group>"; };
/* End PBXFileReference section */

/* Begin PBXFrameworksBuildPhase section */
		87C017C72326A2F00007135B /* Frameworks */ = {
			isa = PBXFrameworksBuildPhase;
			buildActionMask = 2147483647;
			files = (
				87C017FC2326E7D70007135B /* ShowcaseKit.framework in Frameworks */,
			);
			runOnlyForDeploymentPostprocessing = 0;
		};
/* End PBXFrameworksBuildPhase section */

/* Begin PBXGroup section */
		87C017C12326A2F00007135B = {
			isa = PBXGroup;
			children = (
				87C017CC2326A2F00007135B /* ShowcaseExample */,
				87C017CB2326A2F00007135B /* Products */,
				87C017DF2326A31A0007135B /* ShowcaseKit.xcodeproj */,
			);
			sourceTree = "<group>";
		};
		87C017CB2326A2F00007135B /* Products */ = {
			isa = PBXGroup;
			children = (
				87C017CA2326A2F00007135B /* ShowcaseExample.app */,
			);
			name = Products;
			sourceTree = "<group>";
		};
		87C017CC2326A2F00007135B /* ShowcaseExample */ = {
			isa = PBXGroup;
			children = (
				87C017CD2326A2F00007135B /* AppDelegate.swift */,
				87C017CF2326A2F00007135B /* ViewController.swift */,
				87C017F92326E79B0007135B /* Showcases */,
				87C017D12326A2F00007135B /* Main.storyboard */,
				87C017D42326A2F20007135B /* Assets.xcassets */,
				87C017D62326A2F20007135B /* LaunchScreen.storyboard */,
				87C017D92326A2F20007135B /* Info.plist */,
			);
			path = ShowcaseExample;
			sourceTree = "<group>";
		};
		87C017E02326A31A0007135B /* Products */ = {
			isa = PBXGroup;
			children = (
				87C017E52326A31A0007135B /* ShowcaseKit.framework */,
				87C017E72326A31A0007135B /* ShowcaseKit-iOS Tests.xctest */,
			);
			name = Products;
			sourceTree = "<group>";
		};
		87C017F92326E79B0007135B /* Showcases */ = {
			isa = PBXGroup;
			children = (
				87C017FA2326E7AE0007135B /* LabelShowcase.swift */,
			);
			path = Showcases;
			sourceTree = "<group>";
		};
/* End PBXGroup section */

/* Begin PBXNativeTarget section */
		87C017C92326A2F00007135B /* ShowcaseExample */ = {
			isa = PBXNativeTarget;
			buildConfigurationList = 87C017DC2326A2F20007135B /* Build configuration list for PBXNativeTarget "ShowcaseExample" */;
			buildPhases = (
				87C017C62326A2F00007135B /* Sources */,
				87C017C72326A2F00007135B /* Frameworks */,
				87C017C82326A2F00007135B /* Resources */,
				87C018002326E7D70007135B /* Embed Frameworks */,
			);
			buildRules = (
			);
			dependencies = (
				87C017FF2326E7D70007135B /* PBXTargetDependency */,
			);
			name = ShowcaseExample;
			productName = ShowcaseExample;
			productReference = 87C017CA2326A2F00007135B /* ShowcaseExample.app */;
			productType = "com.apple.product-type.application";
		};
/* End PBXNativeTarget section */

/* Begin PBXProject section */
		87C017C22326A2F00007135B /* Project object */ = {
			isa = PBXProject;
			attributes = {
				LastSwiftUpdateCheck = 1020;
				LastUpgradeCheck = 1020;
				ORGANIZATIONNAME = "Jérôme Alves";
				TargetAttributes = {
					87C017C92326A2F00007135B = {
						CreatedOnToolsVersion = 10.2.1;
					};
				};
			};
			buildConfigurationList = 87C017C52326A2F00007135B /* Build configuration list for PBXProject "ShowcaseExample" */;
			compatibilityVersion = "Xcode 9.3";
			developmentRegion = en;
			hasScannedForEncodings = 0;
			knownRegions = (
				en,
				Base,
			);
			mainGroup = 87C017C12326A2F00007135B;
			productRefGroup = 87C017CB2326A2F00007135B /* Products */;
			projectDirPath = "";
			projectReferences = (
				{
					ProductGroup = 87C017E02326A31A0007135B /* Products */;
					ProjectRef = 87C017DF2326A31A0007135B /* ShowcaseKit.xcodeproj */;
				},
			);
			projectRoot = "";
			targets = (
				87C017C92326A2F00007135B /* ShowcaseExample */,
			);
		};
/* End PBXProject section */

/* Begin PBXReferenceProxy section */
		87C017E52326A31A0007135B /* ShowcaseKit.framework */ = {
			isa = PBXReferenceProxy;
			fileType = wrapper.framework;
			path = ShowcaseKit.framework;
			remoteRef = 87C017E42326A31A0007135B /* PBXContainerItemProxy */;
			sourceTree = BUILT_PRODUCTS_DIR;
		};
		87C017E72326A31A0007135B /* ShowcaseKit-iOS Tests.xctest */ = {
			isa = PBXReferenceProxy;
			fileType = wrapper.cfbundle;
			path = "ShowcaseKit-iOS Tests.xctest";
			remoteRef = 87C017E62326A31A0007135B /* PBXContainerItemProxy */;
			sourceTree = BUILT_PRODUCTS_DIR;
		};
/* End PBXReferenceProxy section */

/* Begin PBXResourcesBuildPhase section */
		87C017C82326A2F00007135B /* Resources */ = {
			isa = PBXResourcesBuildPhase;
			buildActionMask = 2147483647;
			files = (
				87C017D82326A2F20007135B /* LaunchScreen.storyboard in Resources */,
				87C017D52326A2F20007135B /* Assets.xcassets in Resources */,
				87C017D32326A2F00007135B /* Main.storyboard in Resources */,
			);
			runOnlyForDeploymentPostprocessing = 0;
		};
/* End PBXResourcesBuildPhase section */

/* Begin PBXSourcesBuildPhase section */
		87C017C62326A2F00007135B /* Sources */ = {
			isa = PBXSourcesBuildPhase;
			buildActionMask = 2147483647;
			files = (
				87C017D02326A2F00007135B /* ViewController.swift in Sources */,
				87C017FB2326E7AE0007135B /* LabelShowcase.swift in Sources */,
				87C017CE2326A2F00007135B /* AppDelegate.swift in Sources */,
			);
			runOnlyForDeploymentPostprocessing = 0;
		};
/* End PBXSourcesBuildPhase section */

/* Begin PBXTargetDependency section */
		87C017FF2326E7D70007135B /* PBXTargetDependency */ = {
			isa = PBXTargetDependency;
			name = "ShowcaseKit-iOS";
			targetProxy = 87C017FE2326E7D70007135B /* PBXContainerItemProxy */;
		};
/* End PBXTargetDependency section */

/* Begin PBXVariantGroup section */
		87C017D12326A2F00007135B /* Main.storyboard */ = {
			isa = PBXVariantGroup;
			children = (
				87C017D22326A2F00007135B /* Base */,
			);
			name = Main.storyboard;
			sourceTree = "<group>";
		};
		87C017D62326A2F20007135B /* LaunchScreen.storyboard */ = {
			isa = PBXVariantGroup;
			children = (
				87C017D72326A2F20007135B /* Base */,
			);
			name = LaunchScreen.storyboard;
			sourceTree = "<group>";
		};
/* End PBXVariantGroup section */

/* Begin XCBuildConfiguration section */
		87C017DA2326A2F20007135B /* Debug */ = {
			isa = XCBuildConfiguration;
			buildSettings = {
				ALWAYS_SEARCH_USER_PATHS = NO;
				CLANG_ANALYZER_NONNULL = YES;
				CLANG_ANALYZER_NUMBER_OBJECT_CONVERSION = YES_AGGRESSIVE;
				CLANG_CXX_LANGUAGE_STANDARD = "gnu++14";
				CLANG_CXX_LIBRARY = "libc++";
				CLANG_ENABLE_MODULES = YES;
				CLANG_ENABLE_OBJC_ARC = YES;
				CLANG_ENABLE_OBJC_WEAK = YES;
				CLANG_WARN_BLOCK_CAPTURE_AUTORELEASING = YES;
				CLANG_WARN_BOOL_CONVERSION = YES;
				CLANG_WARN_COMMA = YES;
				CLANG_WARN_CONSTANT_CONVERSION = YES;
				CLANG_WARN_DEPRECATED_OBJC_IMPLEMENTATIONS = YES;
				CLANG_WARN_DIRECT_OBJC_ISA_USAGE = YES_ERROR;
				CLANG_WARN_DOCUMENTATION_COMMENTS = YES;
				CLANG_WARN_EMPTY_BODY = YES;
				CLANG_WARN_ENUM_CONVERSION = YES;
				CLANG_WARN_INFINITE_RECURSION = YES;
				CLANG_WARN_INT_CONVERSION = YES;
				CLANG_WARN_NON_LITERAL_NULL_CONVERSION = YES;
				CLANG_WARN_OBJC_IMPLICIT_RETAIN_SELF = YES;
				CLANG_WARN_OBJC_LITERAL_CONVERSION = YES;
				CLANG_WARN_OBJC_ROOT_CLASS = YES_ERROR;
				CLANG_WARN_RANGE_LOOP_ANALYSIS = YES;
				CLANG_WARN_STRICT_PROTOTYPES = YES;
				CLANG_WARN_SUSPICIOUS_MOVE = YES;
				CLANG_WARN_UNGUARDED_AVAILABILITY = YES_AGGRESSIVE;
				CLANG_WARN_UNREACHABLE_CODE = YES;
				CLANG_WARN__DUPLICATE_METHOD_MATCH = YES;
				CODE_SIGN_IDENTITY = "iPhone Developer";
				COPY_PHASE_STRIP = NO;
				DEBUG_INFORMATION_FORMAT = dwarf;
				ENABLE_STRICT_OBJC_MSGSEND = YES;
				ENABLE_TESTABILITY = YES;
				GCC_C_LANGUAGE_STANDARD = gnu11;
				GCC_DYNAMIC_NO_PIC = NO;
				GCC_NO_COMMON_BLOCKS = YES;
				GCC_OPTIMIZATION_LEVEL = 0;
				GCC_PREPROCESSOR_DEFINITIONS = (
					"DEBUG=1",
					"$(inherited)",
				);
				GCC_WARN_64_TO_32_BIT_CONVERSION = YES;
				GCC_WARN_ABOUT_RETURN_TYPE = YES_ERROR;
				GCC_WARN_UNDECLARED_SELECTOR = YES;
				GCC_WARN_UNINITIALIZED_AUTOS = YES_AGGRESSIVE;
				GCC_WARN_UNUSED_FUNCTION = YES;
				GCC_WARN_UNUSED_VARIABLE = YES;
				IPHONEOS_DEPLOYMENT_TARGET = 12.2;
				MTL_ENABLE_DEBUG_INFO = INCLUDE_SOURCE;
				MTL_FAST_MATH = YES;
				ONLY_ACTIVE_ARCH = YES;
				SDKROOT = iphoneos;
				SWIFT_ACTIVE_COMPILATION_CONDITIONS = DEBUG;
				SWIFT_OPTIMIZATION_LEVEL = "-Onone";
			};
			name = Debug;
		};
		87C017DB2326A2F20007135B /* Release */ = {
			isa = XCBuildConfiguration;
			buildSettings = {
				ALWAYS_SEARCH_USER_PATHS = NO;
				CLANG_ANALYZER_NONNULL = YES;
				CLANG_ANALYZER_NUMBER_OBJECT_CONVERSION = YES_AGGRESSIVE;
				CLANG_CXX_LANGUAGE_STANDARD = "gnu++14";
				CLANG_CXX_LIBRARY = "libc++";
				CLANG_ENABLE_MODULES = YES;
				CLANG_ENABLE_OBJC_ARC = YES;
				CLANG_ENABLE_OBJC_WEAK = YES;
				CLANG_WARN_BLOCK_CAPTURE_AUTORELEASING = YES;
				CLANG_WARN_BOOL_CONVERSION = YES;
				CLANG_WARN_COMMA = YES;
				CLANG_WARN_CONSTANT_CONVERSION = YES;
				CLANG_WARN_DEPRECATED_OBJC_IMPLEMENTATIONS = YES;
				CLANG_WARN_DIRECT_OBJC_ISA_USAGE = YES_ERROR;
				CLANG_WARN_DOCUMENTATION_COMMENTS = YES;
				CLANG_WARN_EMPTY_BODY = YES;
				CLANG_WARN_ENUM_CONVERSION = YES;
				CLANG_WARN_INFINITE_RECURSION = YES;
				CLANG_WARN_INT_CONVERSION = YES;
				CLANG_WARN_NON_LITERAL_NULL_CONVERSION = YES;
				CLANG_WARN_OBJC_IMPLICIT_RETAIN_SELF = YES;
				CLANG_WARN_OBJC_LITERAL_CONVERSION = YES;
				CLANG_WARN_OBJC_ROOT_CLASS = YES_ERROR;
				CLANG_WARN_RANGE_LOOP_ANALYSIS = YES;
				CLANG_WARN_STRICT_PROTOTYPES = YES;
				CLANG_WARN_SUSPICIOUS_MOVE = YES;
				CLANG_WARN_UNGUARDED_AVAILABILITY = YES_AGGRESSIVE;
				CLANG_WARN_UNREACHABLE_CODE = YES;
				CLANG_WARN__DUPLICATE_METHOD_MATCH = YES;
				CODE_SIGN_IDENTITY = "iPhone Developer";
				COPY_PHASE_STRIP = NO;
				DEBUG_INFORMATION_FORMAT = "dwarf-with-dsym";
				ENABLE_NS_ASSERTIONS = NO;
				ENABLE_STRICT_OBJC_MSGSEND = YES;
				GCC_C_LANGUAGE_STANDARD = gnu11;
				GCC_NO_COMMON_BLOCKS = YES;
				GCC_WARN_64_TO_32_BIT_CONVERSION = YES;
				GCC_WARN_ABOUT_RETURN_TYPE = YES_ERROR;
				GCC_WARN_UNDECLARED_SELECTOR = YES;
				GCC_WARN_UNINITIALIZED_AUTOS = YES_AGGRESSIVE;
				GCC_WARN_UNUSED_FUNCTION = YES;
				GCC_WARN_UNUSED_VARIABLE = YES;
				IPHONEOS_DEPLOYMENT_TARGET = 12.2;
				MTL_ENABLE_DEBUG_INFO = NO;
				MTL_FAST_MATH = YES;
				SDKROOT = iphoneos;
				SWIFT_COMPILATION_MODE = wholemodule;
				SWIFT_OPTIMIZATION_LEVEL = "-O";
				VALIDATE_PRODUCT = YES;
			};
			name = Release;
		};
		87C017DD2326A2F20007135B /* Debug */ = {
			isa = XCBuildConfiguration;
			buildSettings = {
				ALWAYS_EMBED_SWIFT_STANDARD_LIBRARIES = YES;
				ASSETCATALOG_COMPILER_APPICON_NAME = AppIcon;
				CODE_SIGN_STYLE = Automatic;
				INFOPLIST_FILE = ShowcaseExample/Info.plist;
				IPHONEOS_DEPLOYMENT_TARGET = 13.0;
				LD_RUNPATH_SEARCH_PATHS = (
					"$(inherited)",
					"@executable_path/Frameworks",
				);
				PRODUCT_BUNDLE_IDENTIFIER = com.heetch.ShowcaseExample;
				PRODUCT_NAME = "$(TARGET_NAME)";
				SWIFT_VERSION = 5.0;
				TARGETED_DEVICE_FAMILY = "1,2";
			};
			name = Debug;
		};
		87C017DE2326A2F20007135B /* Release */ = {
			isa = XCBuildConfiguration;
			buildSettings = {
				ALWAYS_EMBED_SWIFT_STANDARD_LIBRARIES = YES;
				ASSETCATALOG_COMPILER_APPICON_NAME = AppIcon;
				CODE_SIGN_STYLE = Automatic;
				INFOPLIST_FILE = ShowcaseExample/Info.plist;
				IPHONEOS_DEPLOYMENT_TARGET = 13.0;
				LD_RUNPATH_SEARCH_PATHS = (
					"$(inherited)",
					"@executable_path/Frameworks",
				);
				PRODUCT_BUNDLE_IDENTIFIER = com.heetch.ShowcaseExample;
				PRODUCT_NAME = "$(TARGET_NAME)";
				SWIFT_VERSION = 5.0;
				TARGETED_DEVICE_FAMILY = "1,2";
			};
			name = Release;
		};
/* End XCBuildConfiguration section */

/* Begin XCConfigurationList section */
		87C017C52326A2F00007135B /* Build configuration list for PBXProject "ShowcaseExample" */ = {
			isa = XCConfigurationList;
			buildConfigurations = (
				87C017DA2326A2F20007135B /* Debug */,
				87C017DB2326A2F20007135B /* Release */,
			);
			defaultConfigurationIsVisible = 0;
			defaultConfigurationName = Release;
		};
		87C017DC2326A2F20007135B /* Build configuration list for PBXNativeTarget "ShowcaseExample" */ = {
			isa = XCConfigurationList;
			buildConfigurations = (
				87C017DD2326A2F20007135B /* Debug */,
				87C017DE2326A2F20007135B /* Release */,
			);
			defaultConfigurationIsVisible = 0;
			defaultConfigurationName = Release;
		};
/* End XCConfigurationList section */
	};
	rootObject = 87C017C22326A2F00007135B /* Project object */;
}
